{
  "name": "DineDevine",
  "lockfileVersion": 3,
  "requires": true,
  "packages": {
    "": {
      "dependencies": {
        "@ionic/pwa-elements": "^3.2.2"
      }
    },
    "node_modules/@ionic/pwa-elements": {
      "version": "3.2.2",
      "resolved": "https://registry.npmjs.org/@ionic/pwa-elements/-/pwa-elements-3.2.2.tgz",
      "integrity": "sha512-gCQsHdvkaWa83T3ToKsr6FOtzSmLIYFWy+zZisXVDqU3ry4Hv581dFSxDUgokgoWSxIERe/nvYnhoN8zIIEKQQ==",
      "engines": {
        "node": ">=16.0.0",
        "npm": ">=8.0.0"
      }
    }
  }
}
